
Microsoft Visual Studio Solution File, Format Version 12.00
# Visual Studio Version 16
VisualStudioVersion = 16.0.31605.320
MinimumVisualStudioVersion = 10.0.40219.1
Project("{FAE04EC0-301F-11D3-BF4B-00C04F79EFBC}") = "EF_study", "EF_study\EF_study.csproj", "{78ADA955-66E7-4642-9599-A238B82D2BDF}"
EndProject
Global
	GlobalSection(SolutionConfigurationPlatforms) = preSolution
		Debug|Any CPU = Debug|Any CPU
		Release|Any CPU = Release|Any CPU
	EndGlobalSection
	GlobalSection(ProjectConfigurationPlatforms) = postSolution
		{78ADA955-66E7-4642-9599-A238B82D2BDF}.Debug|Any CPU.ActiveCfg = Debug|Any CPU
		{78ADA955-66E7-4642-9599-A238B82D2BDF}.Debug|Any CPU.Build.0 = Debug|Any CPU
		{78ADA955-66E7-4642-9599-A238B82D2BDF}.Release|Any CPU.ActiveCfg = Release|Any CPU
		{78ADA955-66E7-4642-9599-A238B82D2BDF}.Release|Any CPU.Build.0 = Release|Any CPU
	EndGlobalSection
	GlobalSection(SolutionProperties) = preSolution
		HideSolutionNode = FALSE
	EndGlobalSection
	GlobalSection(ExtensibilityGlobals) = postSolution
		SolutionGuid = {2BFB68DC-EB50-4D58-A079-EE6E707687E3}
	EndGlobalSection
EndGlobal
